<?xml version="1.0" encoding="utf-8"?>
<Project ToolsVersion="4.0" xmlns="http://schemas.microsoft.com/developer/msbuild/2003">
  <ItemGroup>
    <Filter Include="Source Files">
      <UniqueIdentifier>{4FC737F1-C7A5-4376-A066-2A32D752A2FF}</UniqueIdentifier>
      <Extensions>cpp;c;cc;cxx;def;odl;idl;hpj;bat;asm;asmx</Extensions>
    </Filter>
    <Filter Include="Header Files">
      <UniqueIdentifier>{93995380-89BD-4b04-88EB-625FBE52EBFB}</UniqueIdentifier>
      <Extensions>h;hh;hpp;hxx;hm;inl;inc;xsd</Extensions>
    </Filter>
    <Filter Include="Resource Files">
      <UniqueIdentifier>{67DA6AB6-F800-4c08-8B7A-83BB121AAD01}</UniqueIdentifier>
      <Extensions>rc;ico;cur;bmp;dlg;rc2;rct;bin;rgs;gif;jpg;jpeg;jpe;resx;tiff;tif;png;wav;mfcribbon-ms</Extensions>
    </Filter>
    <Filter Include="Header Files\ResourceManagement">
      <UniqueIdentifier>{6217e4ad-e112-4e20-a76a-e2045bcb0d44}</UniqueIdentifier>
    </Filter>
    <Filter Include="Header Files\Vector">
      <UniqueIdentifier>{681840f7-977c-4498-8667-1860bbf1ed40}</UniqueIdentifier>
    </Filter>
    <Filter Include="Source Files\Vector">
      <UniqueIdentifier>{9c91f603-62e3-4239-93ab-338a4d01ad55}</UniqueIdentifier>
    </Filter>
    <Filter Include="Header Files\SceneManagement">
      <UniqueIdentifier>{207fcb15-3943-4eb2-a74c-dfd29417773a}</UniqueIdentifier>
    </Filter>
    <Filter Include="Source Files\SceneManagement">
      <UniqueIdentifier>{60b2c90b-36dc-405a-bb6d-de99247380c5}</UniqueIdentifier>
    </Filter>
    <Filter Include="Source Files\ResourceManagement">
      <UniqueIdentifier>{656fd428-8fc8-4542-9be5-040bdd70cc25}</UniqueIdentifier>
    </Filter>
    <Filter Include="Header Files\InputManagement">
      <UniqueIdentifier>{7dee1349-450f-4f4d-b6c2-bd146fb4ff5c}</UniqueIdentifier>
    </Filter>
    <Filter Include="Source Files\InputManagement">
      <UniqueIdentifier>{2291883f-8e73-48c5-a8b9-358bba8e8479}</UniqueIdentifier>
    </Filter>
    <Filter Include="Header Files\Window">
      <UniqueIdentifier>{87023c56-9784-4963-ab04-dec4407672f9}</UniqueIdentifier>
    </Filter>
    <Filter Include="Source Files\Window">
      <UniqueIdentifier>{a914e8dc-95c2-4e1a-8ce3-36606fbcfc56}</UniqueIdentifier>
    </Filter>
  </ItemGroup>
  <ItemGroup>
    <Text Include="ReadMe.txt" />
  </ItemGroup>
  <ItemGroup>
    <ClInclude Include="stdafx.h">
      <Filter>Header Files</Filter>
    </ClInclude>
    <ClInclude Include="targetver.h">
      <Filter>Header Files</Filter>
    </ClInclude>
    <ClInclude Include="ResourceManager.h">
      <Filter>Header Files\ResourceManagement</Filter>
    </ClInclude>
    <ClInclude Include="Resource.h">
      <Filter>Header Files\ResourceManagement</Filter>
    </ClInclude>
    <ClInclude Include="Vector2D.h">
      <Filter>Header Files\Vector</Filter>
    </ClInclude>
    <ClInclude Include="RenderableResource.h">
      <Filter>Header Files\ResourceManagement</Filter>
    </ClInclude>
    <ClInclude Include="Scene.h">
      <Filter>Header Files\SceneManagement</Filter>
    </ClInclude>
    <ClInclude Include="Layer.h">
      <Filter>Header Files\ResourceManagement</Filter>
    </ClInclude>
    <ClInclude Include="ResourceSorting.h">
      <Filter>Header Files\ResourceManagement</Filter>
    </ClInclude>
    <ClInclude Include="Input.h">
      <Filter>Header Files\InputManagement</Filter>
    </ClInclude>
    <ClInclude Include="InputManager.h">
      <Filter>Header Files\InputManagement</Filter>
    </ClInclude>
    <ClInclude Include="Window.h">
      <Filter>Header Files\Window</Filter>
    </ClInclude>
    <ClInclude Include="InputListener.h">
      <Filter>Header Files\InputManagement</Filter>
    </ClInclude>
    <ClInclude Include="MovableResource.h">
      <Filter>Header Files\ResourceManagement</Filter>
    </ClInclude>
    <ClInclude Include="QuitGame.h">
      <Filter>Header Files\InputManagement</Filter>
    </ClInclude>
  </ItemGroup>
  <ItemGroup>
    <ClCompile Include="stdafx.cpp">
      <Filter>Source Files</Filter>
    </ClCompile>
    <ClCompile Include="2D_GameEngine.cpp">
      <Filter>Source Files</Filter>
    </ClCompile>
    <ClCompile Include="Vector2D.cpp">
      <Filter>Source Files\Vector</Filter>
    </ClCompile>
    <ClCompile Include="Resource.cpp">
      <Filter>Source Files\ResourceManagement</Filter>
    </ClCompile>
    <ClCompile Include="RenderableResource.cpp">
      <Filter>Source Files\ResourceManagement</Filter>
    </ClCompile>
    <ClCompile Include="Scene.cpp">
      <Filter>Source Files\SceneManagement</Filter>
    </ClCompile>
    <ClCompile Include="Layer.cpp">
      <Filter>Source Files\ResourceManagement</Filter>
    </ClCompile>
    <ClCompile Include="ResourceManager.cpp">
      <Filter>Source Files\ResourceManagement</Filter>
    </ClCompile>
    <ClCompile Include="ResourceSorting.cpp">
      <Filter>Source Files\ResourceManagement</Filter>
    </ClCompile>
    <ClCompile Include="Input.cpp">
      <Filter>Source Files\InputManagement</Filter>
    </ClCompile>
    <ClCompile Include="InputManager.cpp">
      <Filter>Source Files\InputManagement</Filter>
    </ClCompile>
    <ClCompile Include="Window.cpp">
      <Filter>Source Files\Window</Filter>
    </ClCompile>
    <ClCompile Include="MovableResource.cpp">
      <Filter>Source Files\ResourceManagement</Filter>
    </ClCompile>
    <ClCompile Include="QuitGame.cpp">
      <Filter>Source Files\InputManagement</Filter>
    </ClCompile>
  </ItemGroup>
</Project>